// !$*UTF8*$!
{
	archiveVersion = 1;
	classes = {
	};
	objectVersion = 55;
	objects = {

/* Begin PBXBuildFile section */
		0218908D282020AB0072C725 /* WaitingRoomView.swift in Sources */ = {isa = PBXBuildFile; fileRef = 0218908C282020AB0072C725 /* WaitingRoomView.swift */; };
		023325FD280DEE90000FC931 /* PanelButton.swift in Sources */ = {isa = PBXBuildFile; fileRef = 023325FC280DEE90000FC931 /* PanelButton.swift */; };
		0254046A280B061000E4CC47 /* TestSubject.swift in Sources */ = {isa = PBXBuildFile; fileRef = 02540469280B061000E4CC47 /* TestSubject.swift */; };
		0254046D280B066100E4CC47 /* Nail.swift in Sources */ = {isa = PBXBuildFile; fileRef = 0254046C280B066100E4CC47 /* Nail.swift */; };
		0254046F280B066B00E4CC47 /* Bulb.swift in Sources */ = {isa = PBXBuildFile; fileRef = 0254046E280B066B00E4CC47 /* Bulb.swift */; };
		02540471280B068A00E4CC47 /* TitleBoard.swift in Sources */ = {isa = PBXBuildFile; fileRef = 02540470280B068A00E4CC47 /* TitleBoard.swift */; };
		02540479280B14B500E4CC47 /* WaitingRoomVM.swift in Sources */ = {isa = PBXBuildFile; fileRef = 02540478280B14B500E4CC47 /* WaitingRoomVM.swift */; };
		0254047B280B14C000E4CC47 /* ClinicalTrialVM.swift in Sources */ = {isa = PBXBuildFile; fileRef = 0254047A280B14C000E4CC47 /* ClinicalTrialVM.swift */; };
		0254047D280B1D2B00E4CC47 /* NavBarIcon.swift in Sources */ = {isa = PBXBuildFile; fileRef = 0254047C280B1D2B00E4CC47 /* NavBarIcon.swift */; };
		02540493280B307E00E4CC47 /* TestSubject2.mp4 in Resources */ = {isa = PBXBuildFile; fileRef = 0254048A280B307C00E4CC47 /* TestSubject2.mp4 */; };
		02540494280B307E00E4CC47 /* TestSubject3.mp4 in Resources */ = {isa = PBXBuildFile; fileRef = 0254048B280B307C00E4CC47 /* TestSubject3.mp4 */; };
		02540495280B307E00E4CC47 /* TestSubject4.mp4 in Resources */ = {isa = PBXBuildFile; fileRef = 0254048C280B307C00E4CC47 /* TestSubject4.mp4 */; };
		02540496280B307E00E4CC47 /* TestSubject7.mp4 in Resources */ = {isa = PBXBuildFile; fileRef = 0254048D280B307C00E4CC47 /* TestSubject7.mp4 */; };
		02540497280B307E00E4CC47 /* TestSubject8.mp4 in Resources */ = {isa = PBXBuildFile; fileRef = 0254048E280B307D00E4CC47 /* TestSubject8.mp4 */; };
		02540498280B307E00E4CC47 /* TestSubject9.mp4 in Resources */ = {isa = PBXBuildFile; fileRef = 0254048F280B307D00E4CC47 /* TestSubject9.mp4 */; };
		02540499280B307E00E4CC47 /* TestSubject5.mp4 in Resources */ = {isa = PBXBuildFile; fileRef = 02540490280B307D00E4CC47 /* TestSubject5.mp4 */; };
		0254049A280B307E00E4CC47 /* TestSubject1.mp4 in Resources */ = {isa = PBXBuildFile; fileRef = 02540491280B307D00E4CC47 /* TestSubject1.mp4 */; };
		0254049B280B307E00E4CC47 /* TestSubject6.mp4 in Resources */ = {isa = PBXBuildFile; fileRef = 02540492280B307E00E4CC47 /* TestSubject6.mp4 */; };
		0254049D280B337100E4CC47 /* AboutView.swift in Sources */ = {isa = PBXBuildFile; fileRef = 0254049C280B337100E4CC47 /* AboutView.swift */; };
		02633BB6280A78970057DB66 /* VideoPlayer in Frameworks */ = {isa = PBXBuildFile; productRef = 02633BB5280A78970057DB66 /* VideoPlayer */; };
		02633BB9280A79390057DB66 /* ConfettiSwiftUI in Frameworks */ = {isa = PBXBuildFile; productRef = 02633BB8280A79390057DB66 /* ConfettiSwiftUI */; };
		02633BC1280A86C20057DB66 /* ColorsAndFonts.swift in Sources */ = {isa = PBXBuildFile; fileRef = 02633BC0280A86C20057DB66 /* ColorsAndFonts.swift */; };
		02633BC3280A88C30057DB66 /* BureauGrotRegular.otf in Resources */ = {isa = PBXBuildFile; fileRef = 02633BC2280A88C30057DB66 /* BureauGrotRegular.otf */; };
		02633BC8280AC05F0057DB66 /* WaitingRoomViewOLD.swift in Sources */ = {isa = PBXBuildFile; fileRef = 02633BC7280AC05E0057DB66 /* WaitingRoomViewOLD.swift */; };
		02633BCA280AC06D0057DB66 /* ClinicalTrialView.swift in Sources */ = {isa = PBXBuildFile; fileRef = 02633BC9280AC06D0057DB66 /* ClinicalTrialView.swift */; };
		02A5EBE228214856009C8144 /* HomeView.swift in Sources */ = {isa = PBXBuildFile; fileRef = 02A5EBE128214856009C8144 /* HomeView.swift */; };
		02A5EBE428214E03009C8144 /* HomeButton.swift in Sources */ = {isa = PBXBuildFile; fileRef = 02A5EBE328214E03009C8144 /* HomeButton.swift */; };
		02A5EBE828215B4E009C8144 /* TestSubject10.mp4 in Resources */ = {isa = PBXBuildFile; fileRef = 02A5EBE728215B4D009C8144 /* TestSubject10.mp4 */; };
		02A5EBEB2821729B009C8144 /* MemoryGame.swift in Sources */ = {isa = PBXBuildFile; fileRef = 02A5EBEA2821729B009C8144 /* MemoryGame.swift */; };
		02A5EBED28217426009C8144 /* Array+Only.swift in Sources */ = {isa = PBXBuildFile; fileRef = 02A5EBEC28217426009C8144 /* Array+Only.swift */; };
		02A5EBF52821757C009C8144 /* EmojiMemoryGame.swift in Sources */ = {isa = PBXBuildFile; fileRef = 02A5EBF42821757C009C8144 /* EmojiMemoryGame.swift */; };
		02A5EBF7282176DA009C8144 /* GameTheme.swift in Sources */ = {isa = PBXBuildFile; fileRef = 02A5EBF6282176DA009C8144 /* GameTheme.swift */; };
		02A5EBF928217740009C8144 /* BrainTestView.swift in Sources */ = {isa = PBXBuildFile; fileRef = 02A5EBF828217740009C8144 /* BrainTestView.swift */; };
		02A5EBFB282178CE009C8144 /* VisionTest.swift in Sources */ = {isa = PBXBuildFile; fileRef = 02A5EBFA282178CE009C8144 /* VisionTest.swift */; };
		02A5EBFE28218C08009C8144 /* BrainTestCardStyle.swift in Sources */ = {isa = PBXBuildFile; fileRef = 02A5EBFD28218C08009C8144 /* BrainTestCardStyle.swift */; };
		02A5EC0228219EFB009C8144 /* Grid.swift in Sources */ = {isa = PBXBuildFile; fileRef = 02A5EC0128219EFB009C8144 /* Grid.swift */; };
		02A5EC0428219F13009C8144 /* GridLayout.swift in Sources */ = {isa = PBXBuildFile; fileRef = 02A5EC0328219F13009C8144 /* GridLayout.swift */; };
		02A5EC072821A736009C8144 /* BrainTestCard.swift in Sources */ = {isa = PBXBuildFile; fileRef = 02A5EC062821A736009C8144 /* BrainTestCard.swift */; };
		02A5EC092821B6FC009C8144 /* CapsuleButton.swift in Sources */ = {isa = PBXBuildFile; fileRef = 02A5EC082821B6FC009C8144 /* CapsuleButton.swift */; };
		02CBBAE428223AA0007EAB29 /* PopupView in Frameworks */ = {isa = PBXBuildFile; productRef = 02CBBAE328223AA0007EAB29 /* PopupView */; };
		02CBBAE628223CE6007EAB29 /* PopupTestSubjectUnlocked.swift in Sources */ = {isa = PBXBuildFile; fileRef = 02CBBAE528223CE6007EAB29 /* PopupTestSubjectUnlocked.swift */; };
		02CBBAE828224B13007EAB29 /* BlurView.swift in Sources */ = {isa = PBXBuildFile; fileRef = 02CBBAE728224B13007EAB29 /* BlurView.swift */; };
		02DA7CCB280A70ED00FEAFD5 /* PssssdLabApp.swift in Sources */ = {isa = PBXBuildFile; fileRef = 02DA7CCA280A70ED00FEAFD5 /* PssssdLabApp.swift */; };
		02DA7CCF280A70EF00FEAFD5 /* Assets.xcassets in Resources */ = {isa = PBXBuildFile; fileRef = 02DA7CCE280A70EF00FEAFD5 /* Assets.xcassets */; };
		02DA7CD2280A70EF00FEAFD5 /* Preview Assets.xcassets in Resources */ = {isa = PBXBuildFile; fileRef = 02DA7CD1280A70EF00FEAFD5 /* Preview Assets.xcassets */; };
		02F77A9B28211EEF00ACAE16 /* TestSubjectCard.swift in Sources */ = {isa = PBXBuildFile; fileRef = 02F77A9A28211EEF00ACAE16 /* TestSubjectCard.swift */; };
/* End PBXBuildFile section */

/* Begin PBXFileReference section */
		0218908C282020AB0072C725 /* WaitingRoomView.swift */ = {isa = PBXFileReference; lastKnownFileType = sourcecode.swift; path = WaitingRoomView.swift; sourceTree = "<group>"; };
		023325FC280DEE90000FC931 /* PanelButton.swift */ = {isa = PBXFileReference; lastKnownFileType = sourcecode.swift; path = PanelButton.swift; sourceTree = "<group>"; };
		02540469280B061000E4CC47 /* TestSubject.swift */ = {isa = PBXFileReference; lastKnownFileType = sourcecode.swift; path = TestSubject.swift; sourceTree = "<group>"; };
		0254046C280B066100E4CC47 /* Nail.swift */ = {isa = PBXFileReference; lastKnownFileType = sourcecode.swift; path = Nail.swift; sourceTree = "<group>"; };
		0254046E280B066B00E4CC47 /* Bulb.swift */ = {isa = PBXFileReference; lastKnownFileType = sourcecode.swift; path = Bulb.swift; sourceTree = "<group>"; };
		02540470280B068A00E4CC47 /* TitleBoard.swift */ = {isa = PBXFileReference; lastKnownFileType = sourcecode.swift; path = TitleBoard.swift; sourceTree = "<group>"; };
		02540478280B14B500E4CC47 /* WaitingRoomVM.swift */ = {isa = PBXFileReference; lastKnownFileType = sourcecode.swift; path = WaitingRoomVM.swift; sourceTree = "<group>"; };
		0254047A280B14C000E4CC47 /* ClinicalTrialVM.swift */ = {isa = PBXFileReference; lastKnownFileType = sourcecode.swift; path = ClinicalTrialVM.swift; sourceTree = "<group>"; };
		0254047C280B1D2B00E4CC47 /* NavBarIcon.swift */ = {isa = PBXFileReference; lastKnownFileType = sourcecode.swift; path = NavBarIcon.swift; sourceTree = "<group>"; };
		0254048A280B307C00E4CC47 /* TestSubject2.mp4 */ = {isa = PBXFileReference; lastKnownFileType = file; path = TestSubject2.mp4; sourceTree = "<group>"; };
		0254048B280B307C00E4CC47 /* TestSubject3.mp4 */ = {isa = PBXFileReference; lastKnownFileType = file; path = TestSubject3.mp4; sourceTree = "<group>"; };
		0254048C280B307C00E4CC47 /* TestSubject4.mp4 */ = {isa = PBXFileReference; lastKnownFileType = file; path = TestSubject4.mp4; sourceTree = "<group>"; };
		0254048D280B307C00E4CC47 /* TestSubject7.mp4 */ = {isa = PBXFileReference; lastKnownFileType = file; path = TestSubject7.mp4; sourceTree = "<group>"; };
		0254048E280B307D00E4CC47 /* TestSubject8.mp4 */ = {isa = PBXFileReference; lastKnownFileType = file; path = TestSubject8.mp4; sourceTree = "<group>"; };
		0254048F280B307D00E4CC47 /* TestSubject9.mp4 */ = {isa = PBXFileReference; lastKnownFileType = file; path = TestSubject9.mp4; sourceTree = "<group>"; };
		02540490280B307D00E4CC47 /* TestSubject5.mp4 */ = {isa = PBXFileReference; lastKnownFileType = file; path = TestSubject5.mp4; sourceTree = "<group>"; };
		02540491280B307D00E4CC47 /* TestSubject1.mp4 */ = {isa = PBXFileReference; lastKnownFileType = file; path = TestSubject1.mp4; sourceTree = "<group>"; };
		02540492280B307E00E4CC47 /* TestSubject6.mp4 */ = {isa = PBXFileReference; lastKnownFileType = file; path = TestSubject6.mp4; sourceTree = "<group>"; };
		0254049C280B337100E4CC47 /* AboutView.swift */ = {isa = PBXFileReference; lastKnownFileType = sourcecode.swift; path = AboutView.swift; sourceTree = "<group>"; };
		02633BC0280A86C20057DB66 /* ColorsAndFonts.swift */ = {isa = PBXFileReference; lastKnownFileType = sourcecode.swift; path = ColorsAndFonts.swift; sourceTree = "<group>"; };
		02633BC2280A88C30057DB66 /* BureauGrotRegular.otf */ = {isa = PBXFileReference; lastKnownFileType = file; path = BureauGrotRegular.otf; sourceTree = "<group>"; };
		02633BC4280A88FB0057DB66 /* Info.plist */ = {isa = PBXFileReference; lastKnownFileType = text.plist; path = Info.plist; sourceTree = "<group>"; };
		02633BC7280AC05E0057DB66 /* WaitingRoomViewOLD.swift */ = {isa = PBXFileReference; lastKnownFileType = sourcecode.swift; path = WaitingRoomViewOLD.swift; sourceTree = "<group>"; };
		02633BC9280AC06D0057DB66 /* ClinicalTrialView.swift */ = {isa = PBXFileReference; lastKnownFileType = sourcecode.swift; path = ClinicalTrialView.swift; sourceTree = "<group>"; };
		02A5EBE128214856009C8144 /* HomeView.swift */ = {isa = PBXFileReference; lastKnownFileType = sourcecode.swift; path = HomeView.swift; sourceTree = "<group>"; };
		02A5EBE328214E03009C8144 /* HomeButton.swift */ = {isa = PBXFileReference; lastKnownFileType = sourcecode.swift; path = HomeButton.swift; sourceTree = "<group>"; };
		02A5EBE728215B4D009C8144 /* TestSubject10.mp4 */ = {isa = PBXFileReference; lastKnownFileType = file; path = TestSubject10.mp4; sourceTree = "<group>"; };
		02A5EBEA2821729B009C8144 /* MemoryGame.swift */ = {isa = PBXFileReference; lastKnownFileType = sourcecode.swift; path = MemoryGame.swift; sourceTree = "<group>"; };
		02A5EBEC28217426009C8144 /* Array+Only.swift */ = {isa = PBXFileReference; lastKnownFileType = sourcecode.swift; path = "Array+Only.swift"; sourceTree = "<group>"; };
		02A5EBF42821757C009C8144 /* EmojiMemoryGame.swift */ = {isa = PBXFileReference; lastKnownFileType = sourcecode.swift; path = EmojiMemoryGame.swift; sourceTree = "<group>"; };
		02A5EBF6282176DA009C8144 /* GameTheme.swift */ = {isa = PBXFileReference; lastKnownFileType = sourcecode.swift; path = GameTheme.swift; sourceTree = "<group>"; };
		02A5EBF828217740009C8144 /* BrainTestView.swift */ = {isa = PBXFileReference; lastKnownFileType = sourcecode.swift; path = BrainTestView.swift; sourceTree = "<group>"; };
		02A5EBFA282178CE009C8144 /* VisionTest.swift */ = {isa = PBXFileReference; lastKnownFileType = sourcecode.swift; path = VisionTest.swift; sourceTree = "<group>"; };
		02A5EBFD28218C08009C8144 /* BrainTestCardStyle.swift */ = {isa = PBXFileReference; lastKnownFileType = sourcecode.swift; path = BrainTestCardStyle.swift; sourceTree = "<group>"; };
		02A5EC0128219EFB009C8144 /* Grid.swift */ = {isa = PBXFileReference; lastKnownFileType = sourcecode.swift; path = Grid.swift; sourceTree = "<group>"; };
		02A5EC0328219F13009C8144 /* GridLayout.swift */ = {isa = PBXFileReference; lastKnownFileType = sourcecode.swift; path = GridLayout.swift; sourceTree = "<group>"; };
		02A5EC062821A736009C8144 /* BrainTestCard.swift */ = {isa = PBXFileReference; lastKnownFileType = sourcecode.swift; path = BrainTestCard.swift; sourceTree = "<group>"; };
		02A5EC082821B6FC009C8144 /* CapsuleButton.swift */ = {isa = PBXFileReference; lastKnownFileType = sourcecode.swift; path = CapsuleButton.swift; sourceTree = "<group>"; };
		02CBBAE528223CE6007EAB29 /* PopupTestSubjectUnlocked.swift */ = {isa = PBXFileReference; lastKnownFileType = sourcecode.swift; path = PopupTestSubjectUnlocked.swift; sourceTree = "<group>"; };
		02CBBAE728224B13007EAB29 /* BlurView.swift */ = {isa = PBXFileReference; lastKnownFileType = sourcecode.swift; path = BlurView.swift; sourceTree = "<group>"; };
		02DA7CC7280A70ED00FEAFD5 /* pssssd.app */ = {isa = PBXFileReference; explicitFileType = wrapper.application; includeInIndex = 0; path = pssssd.app; sourceTree = BUILT_PRODUCTS_DIR; };
		02DA7CCA280A70ED00FEAFD5 /* PssssdLabApp.swift */ = {isa = PBXFileReference; lastKnownFileType = sourcecode.swift; path = PssssdLabApp.swift; sourceTree = "<group>"; };
		02DA7CCE280A70EF00FEAFD5 /* Assets.xcassets */ = {isa = PBXFileReference; lastKnownFileType = folder.assetcatalog; path = Assets.xcassets; sourceTree = "<group>"; };
		02DA7CD1280A70EF00FEAFD5 /* Preview Assets.xcassets */ = {isa = PBXFileReference; lastKnownFileType = folder.assetcatalog; path = "Preview Assets.xcassets"; sourceTree = "<group>"; };
		02F77A9A28211EEF00ACAE16 /* TestSubjectCard.swift */ = {isa = PBXFileReference; fileEncoding = 4; lastKnownFileType = sourcecode.swift; path = TestSubjectCard.swift; sourceTree = "<group>"; };
/* End PBXFileReference section */

/* Begin PBXFrameworksBuildPhase section */
		02DA7CC4280A70ED00FEAFD5 /* Frameworks */ = {
			isa = PBXFrameworksBuildPhase;
			buildActionMask = 2147483647;
			files = (
				02CBBAE428223AA0007EAB29 /* PopupView in Frameworks */,
				02633BB9280A79390057DB66 /* ConfettiSwiftUI in Frameworks */,
				02633BB6280A78970057DB66 /* VideoPlayer in Frameworks */,
			);
			runOnlyForDeploymentPostprocessing = 0;
		};
/* End PBXFrameworksBuildPhase section */

/* Begin PBXGroup section */
		0221768E28211DE7004D6F97 /* ClinicalTrial */ = {
			isa = PBXGroup;
			children = (
				0221768F28211E2F004D6F97 /* WaitingRoom */,
				02633BC9280AC06D0057DB66 /* ClinicalTrialView.swift */,
			);
			path = ClinicalTrial;
			sourceTree = "<group>";
		};
		0221768F28211E2F004D6F97 /* WaitingRoom */ = {
			isa = PBXGroup;
			children = (
				02633BC7280AC05E0057DB66 /* WaitingRoomViewOLD.swift */,
				0218908C282020AB0072C725 /* WaitingRoomView.swift */,
				02F77A9A28211EEF00ACAE16 /* TestSubjectCard.swift */,
			);
			path = WaitingRoom;
			sourceTree = "<group>";
		};
		024A8098280A778100DDC58D /* Fonts */ = {
			isa = PBXGroup;
			children = (
				02633BC2280A88C30057DB66 /* BureauGrotRegular.otf */,
			);
			path = Fonts;
			sourceTree = "<group>";
		};
		02540465280B058B00E4CC47 /* Views */ = {
			isa = PBXGroup;
			children = (
				02A5EBE128214856009C8144 /* HomeView.swift */,
				0221768E28211DE7004D6F97 /* ClinicalTrial */,
				02F77A9C28211F0800ACAE16 /* BrainTest */,
				02F77A9D28211F1800ACAE16 /* VisionTest */,
				0254049C280B337100E4CC47 /* AboutView.swift */,
				0254046B280B064A00E4CC47 /* Shared */,
			);
			path = Views;
			sourceTree = "<group>";
		};
		02540466280B059200E4CC47 /* ViewModels */ = {
			isa = PBXGroup;
			children = (
				02540478280B14B500E4CC47 /* WaitingRoomVM.swift */,
				0254047A280B14C000E4CC47 /* ClinicalTrialVM.swift */,
				02A5EBF42821757C009C8144 /* EmojiMemoryGame.swift */,
			);
			path = ViewModels;
			sourceTree = "<group>";
		};
		02540467280B05A800E4CC47 /* Models */ = {
			isa = PBXGroup;
			children = (
				02540469280B061000E4CC47 /* TestSubject.swift */,
				02A5EBF6282176DA009C8144 /* GameTheme.swift */,
			);
			path = Models;
			sourceTree = "<group>";
		};
		02540468280B05F900E4CC47 /* App */ = {
			isa = PBXGroup;
			children = (
				02DA7CCA280A70ED00FEAFD5 /* PssssdLabApp.swift */,
			);
			path = App;
			sourceTree = "<group>";
		};
		0254046B280B064A00E4CC47 /* Shared */ = {
			isa = PBXGroup;
			children = (
				0254046C280B066100E4CC47 /* Nail.swift */,
				0254046E280B066B00E4CC47 /* Bulb.swift */,
				02540470280B068A00E4CC47 /* TitleBoard.swift */,
				0254047C280B1D2B00E4CC47 /* NavBarIcon.swift */,
				023325FC280DEE90000FC931 /* PanelButton.swift */,
				02A5EC082821B6FC009C8144 /* CapsuleButton.swift */,
				02A5EBE328214E03009C8144 /* HomeButton.swift */,
				02CBBAE528223CE6007EAB29 /* PopupTestSubjectUnlocked.swift */,
				02CBBAE728224B13007EAB29 /* BlurView.swift */,
			);
			path = Shared;
			sourceTree = "<group>";
		};
		02633BBA280A7B690057DB66 /* Support */ = {
			isa = PBXGroup;
			children = (
				02A5EC0128219EFB009C8144 /* Grid.swift */,
				02A5EC0328219F13009C8144 /* GridLayout.swift */,
				02633BC0280A86C20057DB66 /* ColorsAndFonts.swift */,
				02A5EBEC28217426009C8144 /* Array+Only.swift */,
			);
			path = Support;
			sourceTree = "<group>";
		};
		02633BBF280A80600057DB66 /* Videos */ = {
			isa = PBXGroup;
			children = (
				02540491280B307D00E4CC47 /* TestSubject1.mp4 */,
				0254048A280B307C00E4CC47 /* TestSubject2.mp4 */,
				0254048B280B307C00E4CC47 /* TestSubject3.mp4 */,
				0254048C280B307C00E4CC47 /* TestSubject4.mp4 */,
				02540490280B307D00E4CC47 /* TestSubject5.mp4 */,
				02540492280B307E00E4CC47 /* TestSubject6.mp4 */,
				0254048D280B307C00E4CC47 /* TestSubject7.mp4 */,
				0254048E280B307D00E4CC47 /* TestSubject8.mp4 */,
				0254048F280B307D00E4CC47 /* TestSubject9.mp4 */,
				02A5EBE728215B4D009C8144 /* TestSubject10.mp4 */,
			);
			path = Videos;
			sourceTree = "<group>";
		};
		02A5EBE928216F70009C8144 /* GameEngines */ = {
			isa = PBXGroup;
			children = (
				02A5EBEA2821729B009C8144 /* MemoryGame.swift */,
			);
			path = GameEngines;
			sourceTree = "<group>";
		};
		02A5EBFC28218BEA009C8144 /* ViewModifiers */ = {
			isa = PBXGroup;
			children = (
				02A5EBFD28218C08009C8144 /* BrainTestCardStyle.swift */,
			);
			path = ViewModifiers;
			sourceTree = "<group>";
		};
		02DA7CBE280A70ED00FEAFD5 = {
			isa = PBXGroup;
			children = (
				02DA7CC9280A70ED00FEAFD5 /* PssssdLab */,
				02DA7CC8280A70ED00FEAFD5 /* Products */,
			);
			sourceTree = "<group>";
		};
		02DA7CC8280A70ED00FEAFD5 /* Products */ = {
			isa = PBXGroup;
			children = (
				02DA7CC7280A70ED00FEAFD5 /* pssssd.app */,
			);
			name = Products;
			sourceTree = "<group>";
		};
		02DA7CC9280A70ED00FEAFD5 /* PssssdLab */ = {
			isa = PBXGroup;
			children = (
				02633BC4280A88FB0057DB66 /* Info.plist */,
				02540468280B05F900E4CC47 /* App */,
				02A5EBE928216F70009C8144 /* GameEngines */,
				02540467280B05A800E4CC47 /* Models */,
				02540466280B059200E4CC47 /* ViewModels */,
				02540465280B058B00E4CC47 /* Views */,
				02633BBF280A80600057DB66 /* Videos */,
				02A5EBFC28218BEA009C8144 /* ViewModifiers */,
				024A8098280A778100DDC58D /* Fonts */,
				02633BBA280A7B690057DB66 /* Support */,
				02DA7CCE280A70EF00FEAFD5 /* Assets.xcassets */,
				02DA7CD0280A70EF00FEAFD5 /* Preview Content */,
			);
			path = PssssdLab;
			sourceTree = "<group>";
		};
		02DA7CD0280A70EF00FEAFD5 /* Preview Content */ = {
			isa = PBXGroup;
			children = (
				02DA7CD1280A70EF00FEAFD5 /* Preview Assets.xcassets */,
			);
			path = "Preview Content";
			sourceTree = "<group>";
		};
		02F77A9C28211F0800ACAE16 /* BrainTest */ = {
			isa = PBXGroup;
			children = (
				02A5EBF828217740009C8144 /* BrainTestView.swift */,
				02A5EC062821A736009C8144 /* BrainTestCard.swift */,
			);
			path = BrainTest;
			sourceTree = "<group>";
		};
		02F77A9D28211F1800ACAE16 /* VisionTest */ = {
			isa = PBXGroup;
			children = (
				02A5EBFA282178CE009C8144 /* VisionTest.swift */,
			);
			path = VisionTest;
			sourceTree = "<group>";
		};
/* End PBXGroup section */

/* Begin PBXNativeTarget section */
		02DA7CC6280A70ED00FEAFD5 /* PssssdLab */ = {
			isa = PBXNativeTarget;
			buildConfigurationList = 02DA7CD5280A70EF00FEAFD5 /* Build configuration list for PBXNativeTarget "PssssdLab" */;
			buildPhases = (
				02DA7CC3280A70ED00FEAFD5 /* Sources */,
				02DA7CC4280A70ED00FEAFD5 /* Frameworks */,
				02DA7CC5280A70ED00FEAFD5 /* Resources */,
			);
			buildRules = (
			);
			dependencies = (
			);
			name = PssssdLab;
			packageProductDependencies = (
				02633BB5280A78970057DB66 /* VideoPlayer */,
				02633BB8280A79390057DB66 /* ConfettiSwiftUI */,
				02CBBAE328223AA0007EAB29 /* PopupView */,
			);
			productName = PssssdLab;
			productReference = 02DA7CC7280A70ED00FEAFD5 /* pssssd.app */;
			productType = "com.apple.product-type.application";
		};
/* End PBXNativeTarget section */

/* Begin PBXProject section */
		02DA7CBF280A70ED00FEAFD5 /* Project object */ = {
			isa = PBXProject;
			attributes = {
				BuildIndependentTargetsInParallel = 1;
				LastSwiftUpdateCheck = 1330;
				LastUpgradeCheck = 1330;
				TargetAttributes = {
					02DA7CC6280A70ED00FEAFD5 = {
						CreatedOnToolsVersion = 13.3;
					};
				};
			};
			buildConfigurationList = 02DA7CC2280A70ED00FEAFD5 /* Build configuration list for PBXProject "PssssdLab" */;
			compatibilityVersion = "Xcode 13.0";
			developmentRegion = en;
			hasScannedForEncodings = 0;
			knownRegions = (
				en,
				Base,
			);
			mainGroup = 02DA7CBE280A70ED00FEAFD5;
			packageReferences = (
				02633BB4280A78970057DB66 /* XCRemoteSwiftPackageReference "VideoPlayer" */,
				02633BB7280A79390057DB66 /* XCRemoteSwiftPackageReference "ConfettiSwiftUI" */,
				02CBBAE228223AA0007EAB29 /* XCRemoteSwiftPackageReference "PopupView" */,
			);
			productRefGroup = 02DA7CC8280A70ED00FEAFD5 /* Products */;
			projectDirPath = "";
			projectRoot = "";
			targets = (
				02DA7CC6280A70ED00FEAFD5 /* PssssdLab */,
			);
		};
/* End PBXProject section */

/* Begin PBXResourcesBuildPhase section */
		02DA7CC5280A70ED00FEAFD5 /* Resources */ = {
			isa = PBXResourcesBuildPhase;
			buildActionMask = 2147483647;
			files = (
				02540493280B307E00E4CC47 /* TestSubject2.mp4 in Resources */,
				02540494280B307E00E4CC47 /* TestSubject3.mp4 in Resources */,
				02540495280B307E00E4CC47 /* TestSubject4.mp4 in Resources */,
				02540496280B307E00E4CC47 /* TestSubject7.mp4 in Resources */,
				02540497280B307E00E4CC47 /* TestSubject8.mp4 in Resources */,
				02540498280B307E00E4CC47 /* TestSubject9.mp4 in Resources */,
				02A5EBE828215B4E009C8144 /* TestSubject10.mp4 in Resources */,
				02540499280B307E00E4CC47 /* TestSubject5.mp4 in Resources */,
				0254049A280B307E00E4CC47 /* TestSubject1.mp4 in Resources */,
				0254049B280B307E00E4CC47 /* TestSubject6.mp4 in Resources */,
				02DA7CD2280A70EF00FEAFD5 /* Preview Assets.xcassets in Resources */,
				02633BC3280A88C30057DB66 /* BureauGrotRegular.otf in Resources */,
				02DA7CCF280A70EF00FEAFD5 /* Assets.xcassets in Resources */,
			);
			runOnlyForDeploymentPostprocessing = 0;
		};
/* End PBXResourcesBuildPhase section */

/* Begin PBXSourcesBuildPhase section */
		02DA7CC3280A70ED00FEAFD5 /* Sources */ = {
			isa = PBXSourcesBuildPhase;
			buildActionMask = 2147483647;
			files = (
				02DA7CCB280A70ED00FEAFD5 /* PssssdLabApp.swift in Sources */,
				02A5EC0228219EFB009C8144 /* Grid.swift in Sources */,
				02A5EBED28217426009C8144 /* Array+Only.swift in Sources */,
				02A5EBF52821757C009C8144 /* EmojiMemoryGame.swift in Sources */,
				02A5EBFB282178CE009C8144 /* VisionTest.swift in Sources */,
				02540471280B068A00E4CC47 /* TitleBoard.swift in Sources */,
				02A5EBF928217740009C8144 /* BrainTestView.swift in Sources */,
				02A5EC092821B6FC009C8144 /* CapsuleButton.swift in Sources */,
				0254046F280B066B00E4CC47 /* Bulb.swift in Sources */,
				02A5EBF7282176DA009C8144 /* GameTheme.swift in Sources */,
				0254049D280B337100E4CC47 /* AboutView.swift in Sources */,
				02A5EBE228214856009C8144 /* HomeView.swift in Sources */,
				0254046D280B066100E4CC47 /* Nail.swift in Sources */,
				02CBBAE628223CE6007EAB29 /* PopupTestSubjectUnlocked.swift in Sources */,
				02A5EBEB2821729B009C8144 /* MemoryGame.swift in Sources */,
				02633BC1280A86C20057DB66 /* ColorsAndFonts.swift in Sources */,
				0254047D280B1D2B00E4CC47 /* NavBarIcon.swift in Sources */,
				02CBBAE828224B13007EAB29 /* BlurView.swift in Sources */,
				02A5EC072821A736009C8144 /* BrainTestCard.swift in Sources */,
				02633BC8280AC05F0057DB66 /* WaitingRoomViewOLD.swift in Sources */,
				02A5EBE428214E03009C8144 /* HomeButton.swift in Sources */,
				02540479280B14B500E4CC47 /* WaitingRoomVM.swift in Sources */,
				02F77A9B28211EEF00ACAE16 /* TestSubjectCard.swift in Sources */,
				02A5EBFE28218C08009C8144 /* BrainTestCardStyle.swift in Sources */,
				0254046A280B061000E4CC47 /* TestSubject.swift in Sources */,
				02633BCA280AC06D0057DB66 /* ClinicalTrialView.swift in Sources */,
				0254047B280B14C000E4CC47 /* ClinicalTrialVM.swift in Sources */,
				02A5EC0428219F13009C8144 /* GridLayout.swift in Sources */,
				0218908D282020AB0072C725 /* WaitingRoomView.swift in Sources */,
				023325FD280DEE90000FC931 /* PanelButton.swift in Sources */,
			);
			runOnlyForDeploymentPostprocessing = 0;
		};
/* End PBXSourcesBuildPhase section */

/* Begin XCBuildConfiguration section */
		02DA7CD3280A70EF00FEAFD5 /* Debug */ = {
			isa = XCBuildConfiguration;
			buildSettings = {
				ALWAYS_SEARCH_USER_PATHS = NO;
				CLANG_ANALYZER_NONNULL = YES;
				CLANG_ANALYZER_NUMBER_OBJECT_CONVERSION = YES_AGGRESSIVE;
				CLANG_CXX_LANGUAGE_STANDARD = "gnu++17";
				CLANG_ENABLE_MODULES = YES;
				CLANG_ENABLE_OBJC_ARC = YES;
				CLANG_ENABLE_OBJC_WEAK = YES;
				CLANG_WARN_BLOCK_CAPTURE_AUTORELEASING = YES;
				CLANG_WARN_BOOL_CONVERSION = YES;
				CLANG_WARN_COMMA = YES;
				CLANG_WARN_CONSTANT_CONVERSION = YES;
				CLANG_WARN_DEPRECATED_OBJC_IMPLEMENTATIONS = YES;
				CLANG_WARN_DIRECT_OBJC_ISA_USAGE = YES_ERROR;
				CLANG_WARN_DOCUMENTATION_COMMENTS = YES;
				CLANG_WARN_EMPTY_BODY = YES;
				CLANG_WARN_ENUM_CONVERSION = YES;
				CLANG_WARN_INFINITE_RECURSION = YES;
				CLANG_WARN_INT_CONVERSION = YES;
				CLANG_WARN_NON_LITERAL_NULL_CONVERSION = YES;
				CLANG_WARN_OBJC_IMPLICIT_RETAIN_SELF = YES;
				CLANG_WARN_OBJC_LITERAL_CONVERSION = YES;
				CLANG_WARN_OBJC_ROOT_CLASS = YES_ERROR;
				CLANG_WARN_QUOTED_INCLUDE_IN_FRAMEWORK_HEADER = YES;
				CLANG_WARN_RANGE_LOOP_ANALYSIS = YES;
				CLANG_WARN_STRICT_PROTOTYPES = YES;
				CLANG_WARN_SUSPICIOUS_MOVE = YES;
				CLANG_WARN_UNGUARDED_AVAILABILITY = YES_AGGRESSIVE;
				CLANG_WARN_UNREACHABLE_CODE = YES;
				CLANG_WARN__DUPLICATE_METHOD_MATCH = YES;
				COPY_PHASE_STRIP = NO;
				DEBUG_INFORMATION_FORMAT = dwarf;
				ENABLE_STRICT_OBJC_MSGSEND = YES;
				ENABLE_TESTABILITY = YES;
				GCC_C_LANGUAGE_STANDARD = gnu11;
				GCC_DYNAMIC_NO_PIC = NO;
				GCC_NO_COMMON_BLOCKS = YES;
				GCC_OPTIMIZATION_LEVEL = 0;
				GCC_PREPROCESSOR_DEFINITIONS = (
					"DEBUG=1",
					"$(inherited)",
				);
				GCC_WARN_64_TO_32_BIT_CONVERSION = YES;
				GCC_WARN_ABOUT_RETURN_TYPE = YES_ERROR;
				GCC_WARN_UNDECLARED_SELECTOR = YES;
				GCC_WARN_UNINITIALIZED_AUTOS = YES_AGGRESSIVE;
				GCC_WARN_UNUSED_FUNCTION = YES;
				GCC_WARN_UNUSED_VARIABLE = YES;
				IPHONEOS_DEPLOYMENT_TARGET = 14.0;
				MTL_ENABLE_DEBUG_INFO = INCLUDE_SOURCE;
				MTL_FAST_MATH = YES;
				ONLY_ACTIVE_ARCH = YES;
				SDKROOT = iphoneos;
				SWIFT_ACTIVE_COMPILATION_CONDITIONS = DEBUG;
				SWIFT_OPTIMIZATION_LEVEL = "-Onone";
			};
			name = Debug;
		};
		02DA7CD4280A70EF00FEAFD5 /* Release */ = {
			isa = XCBuildConfiguration;
			buildSettings = {
				ALWAYS_SEARCH_USER_PATHS = NO;
				CLANG_ANALYZER_NONNULL = YES;
				CLANG_ANALYZER_NUMBER_OBJECT_CONVERSION = YES_AGGRESSIVE;
				CLANG_CXX_LANGUAGE_STANDARD = "gnu++17";
				CLANG_ENABLE_MODULES = YES;
				CLANG_ENABLE_OBJC_ARC = YES;
				CLANG_ENABLE_OBJC_WEAK = YES;
				CLANG_WARN_BLOCK_CAPTURE_AUTORELEASING = YES;
				CLANG_WARN_BOOL_CONVERSION = YES;
				CLANG_WARN_COMMA = YES;
				CLANG_WARN_CONSTANT_CONVERSION = YES;
				CLANG_WARN_DEPRECATED_OBJC_IMPLEMENTATIONS = YES;
				CLANG_WARN_DIRECT_OBJC_ISA_USAGE = YES_ERROR;
				CLANG_WARN_DOCUMENTATION_COMMENTS = YES;
				CLANG_WARN_EMPTY_BODY = YES;
				CLANG_WARN_ENUM_CONVERSION = YES;
				CLANG_WARN_INFINITE_RECURSION = YES;
				CLANG_WARN_INT_CONVERSION = YES;
				CLANG_WARN_NON_LITERAL_NULL_CONVERSION = YES;
				CLANG_WARN_OBJC_IMPLICIT_RETAIN_SELF = YES;
				CLANG_WARN_OBJC_LITERAL_CONVERSION = YES;
				CLANG_WARN_OBJC_ROOT_CLASS = YES_ERROR;
				CLANG_WARN_QUOTED_INCLUDE_IN_FRAMEWORK_HEADER = YES;
				CLANG_WARN_RANGE_LOOP_ANALYSIS = YES;
				CLANG_WARN_STRICT_PROTOTYPES = YES;
				CLANG_WARN_SUSPICIOUS_MOVE = YES;
				CLANG_WARN_UNGUARDED_AVAILABILITY = YES_AGGRESSIVE;
				CLANG_WARN_UNREACHABLE_CODE = YES;
				CLANG_WARN__DUPLICATE_METHOD_MATCH = YES;
				COPY_PHASE_STRIP = NO;
				DEBUG_INFORMATION_FORMAT = "dwarf-with-dsym";
				ENABLE_NS_ASSERTIONS = NO;
				ENABLE_STRICT_OBJC_MSGSEND = YES;
				GCC_C_LANGUAGE_STANDARD = gnu11;
				GCC_NO_COMMON_BLOCKS = YES;
				GCC_WARN_64_TO_32_BIT_CONVERSION = YES;
				GCC_WARN_ABOUT_RETURN_TYPE = YES_ERROR;
				GCC_WARN_UNDECLARED_SELECTOR = YES;
				GCC_WARN_UNINITIALIZED_AUTOS = YES_AGGRESSIVE;
				GCC_WARN_UNUSED_FUNCTION = YES;
				GCC_WARN_UNUSED_VARIABLE = YES;
				IPHONEOS_DEPLOYMENT_TARGET = 14.0;
				MTL_ENABLE_DEBUG_INFO = NO;
				MTL_FAST_MATH = YES;
				SDKROOT = iphoneos;
				SWIFT_COMPILATION_MODE = wholemodule;
				SWIFT_OPTIMIZATION_LEVEL = "-O";
				VALIDATE_PRODUCT = YES;
			};
			name = Release;
		};
		02DA7CD6280A70EF00FEAFD5 /* Debug */ = {
			isa = XCBuildConfiguration;
			buildSettings = {
				ASSETCATALOG_COMPILER_APPICON_NAME = AppIcon;
				ASSETCATALOG_COMPILER_GLOBAL_ACCENT_COLOR_NAME = AccentColor;
				CODE_SIGN_STYLE = Automatic;
				CURRENT_PROJECT_VERSION = 4;
				DEVELOPMENT_ASSET_PATHS = "\"PssssdLab/Preview Content\"";
				DEVELOPMENT_TEAM = BJY4B596D6;
				ENABLE_PREVIEWS = YES;
				GENERATE_INFOPLIST_FILE = YES;
				INFOPLIST_FILE = PssssdLab/Info.plist;
				INFOPLIST_KEY_CFBundleDisplayName = pssssd;
				INFOPLIST_KEY_UIApplicationSceneManifest_Generation = YES;
				INFOPLIST_KEY_UIApplicationSupportsIndirectInputEvents = YES;
				INFOPLIST_KEY_UILaunchScreen_Generation = YES;
				INFOPLIST_KEY_UISupportedInterfaceOrientations = UIInterfaceOrientationPortrait;
				INFOPLIST_KEY_UISupportedInterfaceOrientations_iPad = "UIInterfaceOrientationPortrait UIInterfaceOrientationPortraitUpsideDown UIInterfaceOrientationLandscapeLeft UIInterfaceOrientationLandscapeRight";
				INFOPLIST_KEY_UISupportedInterfaceOrientations_iPhone = "UIInterfaceOrientationPortrait UIInterfaceOrientationLandscapeLeft UIInterfaceOrientationLandscapeRight";
				IPHONEOS_DEPLOYMENT_TARGET = 14.0;
				LD_RUNPATH_SEARCH_PATHS = (
					"$(inherited)",
					"@executable_path/Frameworks",
				);
				MARKETING_VERSION = 1.0;
				PRODUCT_BUNDLE_IDENTIFIER = com.umayanga.PssssdLab;
				PRODUCT_NAME = pssssd;
				SWIFT_EMIT_LOC_STRINGS = YES;
				SWIFT_VERSION = 5.0;
				TARGETED_DEVICE_FAMILY = 1;
			};
			name = Debug;
		};
		02DA7CD7280A70EF00FEAFD5 /* Release */ = {
			isa = XCBuildConfiguration;
			buildSettings = {
				ASSETCATALOG_COMPILER_APPICON_NAME = AppIcon;
				ASSETCATALOG_COMPILER_GLOBAL_ACCENT_COLOR_NAME = AccentColor;
				CODE_SIGN_STYLE = Automatic;
				CURRENT_PROJECT_VERSION = 4;
				DEVELOPMENT_ASSET_PATHS = "\"PssssdLab/Preview Content\"";
				DEVELOPMENT_TEAM = BJY4B596D6;
				ENABLE_PREVIEWS = YES;
				GENERATE_INFOPLIST_FILE = YES;
				INFOPLIST_FILE = PssssdLab/Info.plist;
				INFOPLIST_KEY_CFBundleDisplayName = pssssd;
				INFOPLIST_KEY_UIApplicationSceneManifest_Generation = YES;
				INFOPLIST_KEY_UIApplicationSupportsIndirectInputEvents = YES;
				INFOPLIST_KEY_UILaunchScreen_Generation = YES;
				INFOPLIST_KEY_UISupportedInterfaceOrientations = UIInterfaceOrientationPortrait;
				INFOPLIST_KEY_UISupportedInterfaceOrientations_iPad = "UIInterfaceOrientationPortrait UIInterfaceOrientationPortraitUpsideDown UIInterfaceOrientationLandscapeLeft UIInterfaceOrientationLandscapeRight";
				INFOPLIST_KEY_UISupportedInterfaceOrientations_iPhone = "UIInterfaceOrientationPortrait UIInterfaceOrientationLandscapeLeft UIInterfaceOrientationLandscapeRight";
				IPHONEOS_DEPLOYMENT_TARGET = 14.0;
				LD_RUNPATH_SEARCH_PATHS = (
					"$(inherited)",
					"@executable_path/Frameworks",
				);
				MARKETING_VERSION = 1.0;
				PRODUCT_BUNDLE_IDENTIFIER = com.umayanga.PssssdLab;
				PRODUCT_NAME = pssssd;
				SWIFT_EMIT_LOC_STRINGS = YES;
				SWIFT_VERSION = 5.0;
				TARGETED_DEVICE_FAMILY = 1;
			};
			name = Release;
		};
/* End XCBuildConfiguration section */

/* Begin XCConfigurationList section */
		02DA7CC2280A70ED00FEAFD5 /* Build configuration list for PBXProject "PssssdLab" */ = {
			isa = XCConfigurationList;
			buildConfigurations = (
				02DA7CD3280A70EF00FEAFD5 /* Debug */,
				02DA7CD4280A70EF00FEAFD5 /* Release */,
			);
			defaultConfigurationIsVisible = 0;
			defaultConfigurationName = Release;
		};
		02DA7CD5280A70EF00FEAFD5 /* Build configuration list for PBXNativeTarget "PssssdLab" */ = {
			isa = XCConfigurationList;
			buildConfigurations = (
				02DA7CD6280A70EF00FEAFD5 /* Debug */,
				02DA7CD7280A70EF00FEAFD5 /* Release */,
			);
			defaultConfigurationIsVisible = 0;
			defaultConfigurationName = Release;
		};
/* End XCConfigurationList section */

/* Begin XCRemoteSwiftPackageReference section */
		02633BB4280A78970057DB66 /* XCRemoteSwiftPackageReference "VideoPlayer" */ = {
			isa = XCRemoteSwiftPackageReference;
			repositoryURL = "https://github.com/wxxsw/VideoPlayer";
			requirement = {
				kind = upToNextMajorVersion;
				minimumVersion = 1.0.0;
			};
		};
		02633BB7280A79390057DB66 /* XCRemoteSwiftPackageReference "ConfettiSwiftUI" */ = {
			isa = XCRemoteSwiftPackageReference;
			repositoryURL = "https://github.com/simibac/ConfettiSwiftUI";
			requirement = {
				kind = upToNextMajorVersion;
				minimumVersion = 0.3.1;
			};
		};
		02CBBAE228223AA0007EAB29 /* XCRemoteSwiftPackageReference "PopupView" */ = {
			isa = XCRemoteSwiftPackageReference;
			repositoryURL = "https://github.com/exyte/PopupView.git";
			requirement = {
				kind = upToNextMajorVersion;
				minimumVersion = 1.0.0;
			};
		};
/* End XCRemoteSwiftPackageReference section */

/* Begin XCSwiftPackageProductDependency section */
		02633BB5280A78970057DB66 /* VideoPlayer */ = {
			isa = XCSwiftPackageProductDependency;
			package = 02633BB4280A78970057DB66 /* XCRemoteSwiftPackageReference "VideoPlayer" */;
			productName = VideoPlayer;
		};
		02633BB8280A79390057DB66 /* ConfettiSwiftUI */ = {
			isa = XCSwiftPackageProductDependency;
			package = 02633BB7280A79390057DB66 /* XCRemoteSwiftPackageReference "ConfettiSwiftUI" */;
			productName = ConfettiSwiftUI;
		};
		02CBBAE328223AA0007EAB29 /* PopupView */ = {
			isa = XCSwiftPackageProductDependency;
			package = 02CBBAE228223AA0007EAB29 /* XCRemoteSwiftPackageReference "PopupView" */;
			productName = PopupView;
		};
/* End XCSwiftPackageProductDependency section */
	};
	rootObject = 02DA7CBF280A70ED00FEAFD5 /* Project object */;
}
